
Microsoft Visual Studio Solution File, Format Version 12.00
# Visual Studio Version 16
VisualStudioVersion = 16.0.29424.173
MinimumVisualStudioVersion = 10.0.40219.1
Project("{FAE04EC0-301F-11D3-BF4B-00C04F79EFBC}") = "Objekt_orientering_opg1_aflevering", "Objekt_orientering_opg1_aflevering\Objekt_orientering_opg1_aflevering.csproj", "{ADD3DBCB-9393-48CA-B249-44A94874246E}"
EndProject
Global
	GlobalSection(SolutionConfigurationPlatforms) = preSolution
		Debug|Any CPU = Debug|Any CPU
		Release|Any CPU = Release|Any CPU
	EndGlobalSection
	GlobalSection(ProjectConfigurationPlatforms) = postSolution
		{ADD3DBCB-9393-48CA-B249-44A94874246E}.Debug|Any CPU.ActiveCfg = Debug|Any CPU
		{ADD3DBCB-9393-48CA-B249-44A94874246E}.Debug|Any CPU.Build.0 = Debug|Any CPU
		{ADD3DBCB-9393-48CA-B249-44A94874246E}.Release|Any CPU.ActiveCfg = Release|Any CPU
		{ADD3DBCB-9393-48CA-B249-44A94874246E}.Release|Any CPU.Build.0 = Release|Any CPU
	EndGlobalSection
	GlobalSection(SolutionProperties) = preSolution
		HideSolutionNode = FALSE
	EndGlobalSection
	GlobalSection(ExtensibilityGlobals) = postSolution
		SolutionGuid = {AEBA6EDD-3269-47B5-8DEC-64D04A8A53B0}
	EndGlobalSection
EndGlobal
