
Microsoft Visual Studio Solution File, Format Version 12.00
# Visual Studio Version 16
VisualStudioVersion = 16.0.29201.188
MinimumVisualStudioVersion = 10.0.40219.1
Project("{FAE04EC0-301F-11D3-BF4B-00C04F79EFBC}") = "opg_Metoder_program_menu", "opg_Metoder_program_menu\opg_Metoder_program_menu.csproj", "{F7832EE8-1868-47F2-8A52-8D57F086AB55}"
EndProject
Global
	GlobalSection(SolutionConfigurationPlatforms) = preSolution
		Debug|Any CPU = Debug|Any CPU
		Release|Any CPU = Release|Any CPU
	EndGlobalSection
	GlobalSection(ProjectConfigurationPlatforms) = postSolution
		{F7832EE8-1868-47F2-8A52-8D57F086AB55}.Debug|Any CPU.ActiveCfg = Debug|Any CPU
		{F7832EE8-1868-47F2-8A52-8D57F086AB55}.Debug|Any CPU.Build.0 = Debug|Any CPU
		{F7832EE8-1868-47F2-8A52-8D57F086AB55}.Release|Any CPU.ActiveCfg = Release|Any CPU
		{F7832EE8-1868-47F2-8A52-8D57F086AB55}.Release|Any CPU.Build.0 = Release|Any CPU
	EndGlobalSection
	GlobalSection(SolutionProperties) = preSolution
		HideSolutionNode = FALSE
	EndGlobalSection
	GlobalSection(ExtensibilityGlobals) = postSolution
		SolutionGuid = {46E49B21-7701-4BAF-AADE-234F11AF0726}
	EndGlobalSection
EndGlobal
