
Microsoft Visual Studio Solution File, Format Version 12.00
# Visual Studio Version 16
VisualStudioVersion = 16.0.29503.13
MinimumVisualStudioVersion = 10.0.40219.1
Project("{FAE04EC0-301F-11D3-BF4B-00C04F79EFBC}") = "opg_evil_xmas_adventure", "opg_evil_xmas_adventure\opg_evil_xmas_adventure.csproj", "{B4610731-2019-4A51-A471-88B55F38847A}"
EndProject
Global
	GlobalSection(SolutionConfigurationPlatforms) = preSolution
		Debug|Any CPU = Debug|Any CPU
		Release|Any CPU = Release|Any CPU
	EndGlobalSection
	GlobalSection(ProjectConfigurationPlatforms) = postSolution
		{B4610731-2019-4A51-A471-88B55F38847A}.Debug|Any CPU.ActiveCfg = Debug|Any CPU
		{B4610731-2019-4A51-A471-88B55F38847A}.Debug|Any CPU.Build.0 = Debug|Any CPU
		{B4610731-2019-4A51-A471-88B55F38847A}.Release|Any CPU.ActiveCfg = Release|Any CPU
		{B4610731-2019-4A51-A471-88B55F38847A}.Release|Any CPU.Build.0 = Release|Any CPU
	EndGlobalSection
	GlobalSection(SolutionProperties) = preSolution
		HideSolutionNode = FALSE
	EndGlobalSection
	GlobalSection(ExtensibilityGlobals) = postSolution
		SolutionGuid = {00C6767B-3F22-4CE6-A71D-6A664E9688B9}
	EndGlobalSection
EndGlobal
